
Microsoft Visual Studio Solution File, Format Version 12.00
# Visual Studio 15
VisualStudioVersion = 15.0.28010.2041
MinimumVisualStudioVersion = 10.0.40219.1
Project("{FAE04EC0-301F-11D3-BF4B-00C04F79EFBC}") = "StaterKit", "StaterKit\StaterKit.csproj", "{5E14E8CD-823A-45AE-BF5A-8B28D7847837}"
EndProject
Global
	GlobalSection(SolutionConfigurationPlatforms) = preSolution
		Debug|Any CPU = Debug|Any CPU
		Release|Any CPU = Release|Any CPU
	EndGlobalSection
	GlobalSection(ProjectConfigurationPlatforms) = postSolution
		{5E14E8CD-823A-45AE-BF5A-8B28D7847837}.Debug|Any CPU.ActiveCfg = Debug|Any CPU
		{5E14E8CD-823A-45AE-BF5A-8B28D7847837}.Debug|Any CPU.Build.0 = Debug|Any CPU
		{5E14E8CD-823A-45AE-BF5A-8B28D7847837}.Release|Any CPU.ActiveCfg = Release|Any CPU
		{5E14E8CD-823A-45AE-BF5A-8B28D7847837}.Release|Any CPU.Build.0 = Release|Any CPU
	EndGlobalSection
	GlobalSection(SolutionProperties) = preSolution
		HideSolutionNode = FALSE
	EndGlobalSection
	GlobalSection(ExtensibilityGlobals) = postSolution
		SolutionGuid = {5CDCD8B8-CA42-4F8B-AE4F-33AEF022F85D}
	EndGlobalSection
EndGlobal
